<Solution>
  <Folder Name="/Libraries/">
    <Project Path="CloudBlazor/CloudBlazor.csproj" />
    <Project Path="CloudBlazor.Web/CloudBlazor.Web.csproj" />
    <Project Path="CloudBlazor.App/CloudBlazor.App.csproj" />
    <Project Path="CloudBlazor.App.Maui/CloudBlazor.App.Maui.csproj" />
  </Folder>
  <Folder Name="/Solution Items/">
    <File Path="Directory.Build.props" />
    <File Path="LICENSE" />
    <File Path="README.md" />
    <File Path=".github/workflows/tests.yml" />
  </Folder>
  <Project Path="CloudBlazor.Demo/CloudBlazor.Demo.csproj" />
  <Project Path="CloudBlazor.Package/CloudBlazor.Package.csproj" />
  <Project Path="CloudBlazor.Tests/CloudBlazor.Tests.csproj" />
</Solution>
